
Microsoft Visual Studio Solution File, Format Version 12.00
# Visual Studio Version 17
VisualStudioVersion = 17.7.34018.315
MinimumVisualStudioVersion = 10.0.40219.1
Project("{9A19103F-16F7-4668-BE54-9A1E7A4F7556}") = "WebApiDemo", "WebApiDemo\WebApiDemo.csproj", "{6FB36A52-83A8-432C-BE91-2847EC64EB3E}"
EndProject
Project("{9A19103F-16F7-4668-BE54-9A1E7A4F7556}") = "Entity", "Entity\Entity.csproj", "{28190B51-96BB-4A54-B769-0111CF015E55}"
EndProject
Project("{FAE04EC0-301F-11D3-BF4B-00C04F79EFBC}") = "Contracts", "Contract\Contracts.csproj", "{BDF113D2-5390-4651-8137-986594F164DA}"
EndProject
Project("{FAE04EC0-301F-11D3-BF4B-00C04F79EFBC}") = "Repository", "Repository\Repository.csproj", "{3B4F6B44-6A44-4940-8C36-1104BF45A312}"
EndProject
Global
	GlobalSection(SolutionConfigurationPlatforms) = preSolution
		Debug|Any CPU = Debug|Any CPU
		Release|Any CPU = Release|Any CPU
	EndGlobalSection
	GlobalSection(ProjectConfigurationPlatforms) = postSolution
		{6FB36A52-83A8-432C-BE91-2847EC64EB3E}.Debug|Any CPU.ActiveCfg = Debug|Any CPU
		{6FB36A52-83A8-432C-BE91-2847EC64EB3E}.Debug|Any CPU.Build.0 = Debug|Any CPU
		{6FB36A52-83A8-432C-BE91-2847EC64EB3E}.Release|Any CPU.ActiveCfg = Release|Any CPU
		{6FB36A52-83A8-432C-BE91-2847EC64EB3E}.Release|Any CPU.Build.0 = Release|Any CPU
		{28190B51-96BB-4A54-B769-0111CF015E55}.Debug|Any CPU.ActiveCfg = Debug|Any CPU
		{28190B51-96BB-4A54-B769-0111CF015E55}.Debug|Any CPU.Build.0 = Debug|Any CPU
		{28190B51-96BB-4A54-B769-0111CF015E55}.Release|Any CPU.ActiveCfg = Release|Any CPU
		{28190B51-96BB-4A54-B769-0111CF015E55}.Release|Any CPU.Build.0 = Release|Any CPU
		{BDF113D2-5390-4651-8137-986594F164DA}.Debug|Any CPU.ActiveCfg = Debug|Any CPU
		{BDF113D2-5390-4651-8137-986594F164DA}.Debug|Any CPU.Build.0 = Debug|Any CPU
		{BDF113D2-5390-4651-8137-986594F164DA}.Release|Any CPU.ActiveCfg = Release|Any CPU
		{BDF113D2-5390-4651-8137-986594F164DA}.Release|Any CPU.Build.0 = Release|Any CPU
		{3B4F6B44-6A44-4940-8C36-1104BF45A312}.Debug|Any CPU.ActiveCfg = Debug|Any CPU
		{3B4F6B44-6A44-4940-8C36-1104BF45A312}.Debug|Any CPU.Build.0 = Debug|Any CPU
		{3B4F6B44-6A44-4940-8C36-1104BF45A312}.Release|Any CPU.ActiveCfg = Release|Any CPU
		{3B4F6B44-6A44-4940-8C36-1104BF45A312}.Release|Any CPU.Build.0 = Release|Any CPU
	EndGlobalSection
	GlobalSection(SolutionProperties) = preSolution
		HideSolutionNode = FALSE
	EndGlobalSection
	GlobalSection(ExtensibilityGlobals) = postSolution
		SolutionGuid = {C3D15426-2700-479F-A6F1-98C3595BA082}
	EndGlobalSection
EndGlobal
